{
  "name": "vidfeed",
  "version": "1.0.10",
  "lockfileVersion": 1,
  "requires": true,
  "dependencies": {
    "vid_data": {
      "version": "0.3.0",
      "resolved": "https://registry.npmjs.org/vid_data/-/vid_data-0.3.0.tgz",
      "integrity": "sha512-pO7r8iJeRLeK/puWo1yUj8pRoG9oGJMjdeI+azNfSVwPFgpJEow+/b+K54dhmT/wJrYRPfoyS1gb0MCXv04GQw=="
    }
  }
}
